
Microsoft Visual Studio Solution File, Format Version 12.00
# Visual Studio Version 16
VisualStudioVersion = 16.0.32126.315
MinimumVisualStudioVersion = 10.0.40219.1
Project("{D2ABAB84-BF74-430A-B69E-9DC6D40DDA17}") = "Projekt_Analiza_Wielowymiarowa", "Projekt_Analiza_Wielowymiarowa\Projekt_Analiza_Wielowymiarowa.dwproj", "{E2A80241-47E5-4549-B154-E90C36454FC2}"
EndProject
Global
	GlobalSection(SolutionConfigurationPlatforms) = preSolution
		Development|Default = Development|Default
	EndGlobalSection
	GlobalSection(ProjectConfigurationPlatforms) = postSolution
		{E2A80241-47E5-4549-B154-E90C36454FC2}.Development|Default.ActiveCfg = Development
		{E2A80241-47E5-4549-B154-E90C36454FC2}.Development|Default.Build.0 = Development
		{E2A80241-47E5-4549-B154-E90C36454FC2}.Development|Default.Deploy.0 = Development
	EndGlobalSection
	GlobalSection(SolutionProperties) = preSolution
		HideSolutionNode = FALSE
	EndGlobalSection
	GlobalSection(ExtensibilityGlobals) = postSolution
		SolutionGuid = {36F4E049-4BD7-44B4-B952-475C7035EE05}
	EndGlobalSection
EndGlobal
